
Microsoft Visual Studio Solution File, Format Version 12.00
# Visual Studio Version 17
VisualStudioVersion = 17.6.33829.357
MinimumVisualStudioVersion = 10.0.40219.1
Project("{FAE04EC0-301F-11D3-BF4B-00C04F79EFBC}") = "PictureViewer_(WinForms)", "PictureViewer_(WinForms)\PictureViewer_(WinForms).csproj", "{EE0186B2-4C90-41EB-A50E-592892DF1AD8}"
EndProject
Global
	GlobalSection(SolutionConfigurationPlatforms) = preSolution
		Debug|Any CPU = Debug|Any CPU
		Release|Any CPU = Release|Any CPU
	EndGlobalSection
	GlobalSection(ProjectConfigurationPlatforms) = postSolution
		{EE0186B2-4C90-41EB-A50E-592892DF1AD8}.Debug|Any CPU.ActiveCfg = Debug|Any CPU
		{EE0186B2-4C90-41EB-A50E-592892DF1AD8}.Debug|Any CPU.Build.0 = Debug|Any CPU
		{EE0186B2-4C90-41EB-A50E-592892DF1AD8}.Release|Any CPU.ActiveCfg = Release|Any CPU
		{EE0186B2-4C90-41EB-A50E-592892DF1AD8}.Release|Any CPU.Build.0 = Release|Any CPU
	EndGlobalSection
	GlobalSection(SolutionProperties) = preSolution
		HideSolutionNode = FALSE
	EndGlobalSection
	GlobalSection(ExtensibilityGlobals) = postSolution
		SolutionGuid = {026AE580-C4CE-41A3-B541-F76355688E0B}
	EndGlobalSection
EndGlobal
